
Microsoft Visual Studio Solution File, Format Version 11.00
# Visual Studio 2010
Project("{FAE04EC0-301F-11D3-BF4B-00C04F79EFBC}") = "Shohou Project_vs2010", "Shohou Project_vs2010.csproj", "{6F03A699-9C62-4F74-863E-6A7D40112177}"
EndProject
Project("{FAE04EC0-301F-11D3-BF4B-00C04F79EFBC}") = "Content_vs2010", "Content\Content_vs2010.contentproj", "{5C03F9DC-140D-4815-BFC9-A5E21BBE4899}"
EndProject
Project("{FAE04EC0-301F-11D3-BF4B-00C04F79EFBC}") = "Ark.Pipes", "..\Ark.Pipes\Ark.Pipes\Ark.Pipes.csproj", "{1BD2C1D6-FD34-4305-B92C-AB936814255F}"
EndProject
Project("{FAE04EC0-301F-11D3-BF4B-00C04F79EFBC}") = "Ark.Pipes portable", "..\Ark.Pipes\Ark.Pipes\Ark.Pipes portable.csproj", "{4AB376C4-2096-4854-9871-A3455A46DBBE}"
EndProject
Project("{FAE04EC0-301F-11D3-BF4B-00C04F79EFBC}") = "Ark.Xna.Pipes WP7", "..\Ark.Pipes\Ark.Xna.Pipes\Ark.Xna.Pipes WP7.csproj", "{B101F48E-714A-4771-822C-31FEA6DADE83}"
EndProject
Project("{FAE04EC0-301F-11D3-BF4B-00C04F79EFBC}") = "Ark.Input.Pipes portable", "..\Ark.Pipes\Ark.Input.Pipes\Ark.Input.Pipes portable.csproj", "{36469577-0001-4224-8CE6-FDDEC5C15C55}"
EndProject
Project("{FAE04EC0-301F-11D3-BF4B-00C04F79EFBC}") = "Ark.Input.Pipes", "..\Ark.Pipes\Ark.Input.Pipes\Ark.Input.Pipes.csproj", "{36469577-A33E-4224-8CE6-FDDEC5C15C55}"
EndProject
Project("{FAE04EC0-301F-11D3-BF4B-00C04F79EFBC}") = "Ark.Xna", "..\Ark.Xna\Ark.Xna.csproj", "{10F836B0-8C60-4F33-8CB2-C4BE7BC25628}"
EndProject
Project("{FAE04EC0-301F-11D3-BF4B-00C04F79EFBC}") = "Ark.Xna WP7", "..\Ark.Xna\Ark.Xna WP7.csproj", "{BE3FF4A4-88CB-4951-A503-730598B80E78}"
EndProject
Project("{FAE04EC0-301F-11D3-BF4B-00C04F79EFBC}") = "Ark.Xna.Pipes", "..\Ark.Pipes\Ark.Xna.Pipes\Ark.Xna.Pipes.csproj", "{3806C6EE-CC99-4767-A02F-48B4D9D2EE3C}"
EndProject
Global
	GlobalSection(SubversionScc) = preSolution
		Svn-Managed = True
		Manager = AnkhSVN - Subversion Support for Visual Studio
	EndGlobalSection
	GlobalSection(SolutionConfigurationPlatforms) = preSolution
		Debug|Any CPU = Debug|Any CPU
		Debug|Mixed Platforms = Debug|Mixed Platforms
		Debug|Windows Phone = Debug|Windows Phone
		Debug|x86 = Debug|x86
		Release|Any CPU = Release|Any CPU
		Release|Mixed Platforms = Release|Mixed Platforms
		Release|Windows Phone = Release|Windows Phone
		Release|x86 = Release|x86
	EndGlobalSection
	GlobalSection(ProjectConfigurationPlatforms) = postSolution
		{6F03A699-9C62-4F74-863E-6A7D40112177}.Debug|Any CPU.ActiveCfg = Debug|x86
		{6F03A699-9C62-4F74-863E-6A7D40112177}.Debug|Mixed Platforms.ActiveCfg = Debug|x86
		{6F03A699-9C62-4F74-863E-6A7D40112177}.Debug|Mixed Platforms.Build.0 = Debug|x86
		{6F03A699-9C62-4F74-863E-6A7D40112177}.Debug|Windows Phone.ActiveCfg = Debug|x86
		{6F03A699-9C62-4F74-863E-6A7D40112177}.Debug|Windows Phone.Build.0 = Debug|x86
		{6F03A699-9C62-4F74-863E-6A7D40112177}.Debug|x86.ActiveCfg = Debug|x86
		{6F03A699-9C62-4F74-863E-6A7D40112177}.Debug|x86.Build.0 = Debug|x86
		{6F03A699-9C62-4F74-863E-6A7D40112177}.Release|Any CPU.ActiveCfg = Release|x86
		{6F03A699-9C62-4F74-863E-6A7D40112177}.Release|Mixed Platforms.ActiveCfg = Release|x86
		{6F03A699-9C62-4F74-863E-6A7D40112177}.Release|Mixed Platforms.Build.0 = Release|x86
		{6F03A699-9C62-4F74-863E-6A7D40112177}.Release|Windows Phone.ActiveCfg = Release|x86
		{6F03A699-9C62-4F74-863E-6A7D40112177}.Release|Windows Phone.Build.0 = Release|x86
		{6F03A699-9C62-4F74-863E-6A7D40112177}.Release|x86.ActiveCfg = Release|x86
		{6F03A699-9C62-4F74-863E-6A7D40112177}.Release|x86.Build.0 = Release|x86
		{5C03F9DC-140D-4815-BFC9-A5E21BBE4899}.Debug|Any CPU.ActiveCfg = Debug|Any CPU
		{5C03F9DC-140D-4815-BFC9-A5E21BBE4899}.Debug|Mixed Platforms.ActiveCfg = Debug|Any CPU
		{5C03F9DC-140D-4815-BFC9-A5E21BBE4899}.Debug|Windows Phone.ActiveCfg = Debug|Any CPU
		{5C03F9DC-140D-4815-BFC9-A5E21BBE4899}.Debug|x86.ActiveCfg = Debug|Any CPU
		{5C03F9DC-140D-4815-BFC9-A5E21BBE4899}.Release|Any CPU.ActiveCfg = Debug|Any CPU
		{5C03F9DC-140D-4815-BFC9-A5E21BBE4899}.Release|Mixed Platforms.ActiveCfg = Debug|Any CPU
		{5C03F9DC-140D-4815-BFC9-A5E21BBE4899}.Release|Windows Phone.ActiveCfg = Debug|Any CPU
		{5C03F9DC-140D-4815-BFC9-A5E21BBE4899}.Release|x86.ActiveCfg = Debug|Any CPU
		{1BD2C1D6-FD34-4305-B92C-AB936814255F}.Debug|Any CPU.ActiveCfg = Debug|Any CPU
		{1BD2C1D6-FD34-4305-B92C-AB936814255F}.Debug|Any CPU.Build.0 = Debug|Any CPU
		{1BD2C1D6-FD34-4305-B92C-AB936814255F}.Debug|Mixed Platforms.ActiveCfg = Debug|Any CPU
		{1BD2C1D6-FD34-4305-B92C-AB936814255F}.Debug|Mixed Platforms.Build.0 = Debug|Any CPU
		{1BD2C1D6-FD34-4305-B92C-AB936814255F}.Debug|Windows Phone.ActiveCfg = Debug|Any CPU
		{1BD2C1D6-FD34-4305-B92C-AB936814255F}.Debug|x86.ActiveCfg = Debug|Any CPU
		{1BD2C1D6-FD34-4305-B92C-AB936814255F}.Release|Any CPU.ActiveCfg = Release|Any CPU
		{1BD2C1D6-FD34-4305-B92C-AB936814255F}.Release|Any CPU.Build.0 = Release|Any CPU
		{1BD2C1D6-FD34-4305-B92C-AB936814255F}.Release|Mixed Platforms.ActiveCfg = Release|Any CPU
		{1BD2C1D6-FD34-4305-B92C-AB936814255F}.Release|Mixed Platforms.Build.0 = Release|Any CPU
		{1BD2C1D6-FD34-4305-B92C-AB936814255F}.Release|Windows Phone.ActiveCfg = Release|Any CPU
		{1BD2C1D6-FD34-4305-B92C-AB936814255F}.Release|x86.ActiveCfg = Release|Any CPU
		{4AB376C4-2096-4854-9871-A3455A46DBBE}.Debug|Any CPU.ActiveCfg = Debug|Any CPU
		{4AB376C4-2096-4854-9871-A3455A46DBBE}.Debug|Any CPU.Build.0 = Debug|Any CPU
		{4AB376C4-2096-4854-9871-A3455A46DBBE}.Debug|Mixed Platforms.ActiveCfg = Debug|Any CPU
		{4AB376C4-2096-4854-9871-A3455A46DBBE}.Debug|Mixed Platforms.Build.0 = Debug|Any CPU
		{4AB376C4-2096-4854-9871-A3455A46DBBE}.Debug|Windows Phone.ActiveCfg = Debug|Any CPU
		{4AB376C4-2096-4854-9871-A3455A46DBBE}.Debug|x86.ActiveCfg = Debug|Any CPU
		{4AB376C4-2096-4854-9871-A3455A46DBBE}.Release|Any CPU.ActiveCfg = Release|Any CPU
		{4AB376C4-2096-4854-9871-A3455A46DBBE}.Release|Any CPU.Build.0 = Release|Any CPU
		{4AB376C4-2096-4854-9871-A3455A46DBBE}.Release|Mixed Platforms.ActiveCfg = Release|Any CPU
		{4AB376C4-2096-4854-9871-A3455A46DBBE}.Release|Mixed Platforms.Build.0 = Release|Any CPU
		{4AB376C4-2096-4854-9871-A3455A46DBBE}.Release|Windows Phone.ActiveCfg = Release|Any CPU
		{4AB376C4-2096-4854-9871-A3455A46DBBE}.Release|x86.ActiveCfg = Release|Any CPU
		{B101F48E-714A-4771-822C-31FEA6DADE83}.Debug|Any CPU.ActiveCfg = Debug|Windows Phone
		{B101F48E-714A-4771-822C-31FEA6DADE83}.Debug|Mixed Platforms.ActiveCfg = Debug|Windows Phone
		{B101F48E-714A-4771-822C-31FEA6DADE83}.Debug|Mixed Platforms.Build.0 = Debug|Windows Phone
		{B101F48E-714A-4771-822C-31FEA6DADE83}.Debug|Windows Phone.ActiveCfg = Debug|Windows Phone
		{B101F48E-714A-4771-822C-31FEA6DADE83}.Debug|Windows Phone.Build.0 = Debug|Windows Phone
		{B101F48E-714A-4771-822C-31FEA6DADE83}.Debug|x86.ActiveCfg = Debug|Windows Phone
		{B101F48E-714A-4771-822C-31FEA6DADE83}.Debug|x86.Build.0 = Debug|Windows Phone
		{B101F48E-714A-4771-822C-31FEA6DADE83}.Release|Any CPU.ActiveCfg = Release|Windows Phone
		{B101F48E-714A-4771-822C-31FEA6DADE83}.Release|Mixed Platforms.ActiveCfg = Release|Windows Phone
		{B101F48E-714A-4771-822C-31FEA6DADE83}.Release|Mixed Platforms.Build.0 = Release|Windows Phone
		{B101F48E-714A-4771-822C-31FEA6DADE83}.Release|Windows Phone.ActiveCfg = Release|Windows Phone
		{B101F48E-714A-4771-822C-31FEA6DADE83}.Release|Windows Phone.Build.0 = Release|Windows Phone
		{B101F48E-714A-4771-822C-31FEA6DADE83}.Release|x86.ActiveCfg = Release|Windows Phone
		{B101F48E-714A-4771-822C-31FEA6DADE83}.Release|x86.Build.0 = Release|Windows Phone
		{36469577-0001-4224-8CE6-FDDEC5C15C55}.Debug|Any CPU.ActiveCfg = Debug|Any CPU
		{36469577-0001-4224-8CE6-FDDEC5C15C55}.Debug|Any CPU.Build.0 = Debug|Any CPU
		{36469577-0001-4224-8CE6-FDDEC5C15C55}.Debug|Mixed Platforms.ActiveCfg = Debug|Any CPU
		{36469577-0001-4224-8CE6-FDDEC5C15C55}.Debug|Mixed Platforms.Build.0 = Debug|Any CPU
		{36469577-0001-4224-8CE6-FDDEC5C15C55}.Debug|Windows Phone.ActiveCfg = Debug|Any CPU
		{36469577-0001-4224-8CE6-FDDEC5C15C55}.Debug|x86.ActiveCfg = Debug|Any CPU
		{36469577-0001-4224-8CE6-FDDEC5C15C55}.Release|Any CPU.ActiveCfg = Release|Any CPU
		{36469577-0001-4224-8CE6-FDDEC5C15C55}.Release|Any CPU.Build.0 = Release|Any CPU
		{36469577-0001-4224-8CE6-FDDEC5C15C55}.Release|Mixed Platforms.ActiveCfg = Release|Any CPU
		{36469577-0001-4224-8CE6-FDDEC5C15C55}.Release|Mixed Platforms.Build.0 = Release|Any CPU
		{36469577-0001-4224-8CE6-FDDEC5C15C55}.Release|Windows Phone.ActiveCfg = Release|Any CPU
		{36469577-0001-4224-8CE6-FDDEC5C15C55}.Release|x86.ActiveCfg = Release|Any CPU
		{36469577-A33E-4224-8CE6-FDDEC5C15C55}.Debug|Any CPU.ActiveCfg = Debug|Any CPU
		{36469577-A33E-4224-8CE6-FDDEC5C15C55}.Debug|Any CPU.Build.0 = Debug|Any CPU
		{36469577-A33E-4224-8CE6-FDDEC5C15C55}.Debug|Mixed Platforms.ActiveCfg = Debug|Any CPU
		{36469577-A33E-4224-8CE6-FDDEC5C15C55}.Debug|Mixed Platforms.Build.0 = Debug|Any CPU
		{36469577-A33E-4224-8CE6-FDDEC5C15C55}.Debug|Windows Phone.ActiveCfg = Debug|Any CPU
		{36469577-A33E-4224-8CE6-FDDEC5C15C55}.Debug|x86.ActiveCfg = Debug|Any CPU
		{36469577-A33E-4224-8CE6-FDDEC5C15C55}.Release|Any CPU.ActiveCfg = Release|Any CPU
		{36469577-A33E-4224-8CE6-FDDEC5C15C55}.Release|Any CPU.Build.0 = Release|Any CPU
		{36469577-A33E-4224-8CE6-FDDEC5C15C55}.Release|Mixed Platforms.ActiveCfg = Release|Any CPU
		{36469577-A33E-4224-8CE6-FDDEC5C15C55}.Release|Mixed Platforms.Build.0 = Release|Any CPU
		{36469577-A33E-4224-8CE6-FDDEC5C15C55}.Release|Windows Phone.ActiveCfg = Release|Any CPU
		{36469577-A33E-4224-8CE6-FDDEC5C15C55}.Release|x86.ActiveCfg = Release|Any CPU
		{10F836B0-8C60-4F33-8CB2-C4BE7BC25628}.Debug|Any CPU.ActiveCfg = Debug|x86
		{10F836B0-8C60-4F33-8CB2-C4BE7BC25628}.Debug|Mixed Platforms.ActiveCfg = Debug|x86
		{10F836B0-8C60-4F33-8CB2-C4BE7BC25628}.Debug|Mixed Platforms.Build.0 = Debug|x86
		{10F836B0-8C60-4F33-8CB2-C4BE7BC25628}.Debug|Windows Phone.ActiveCfg = Debug|x86
		{10F836B0-8C60-4F33-8CB2-C4BE7BC25628}.Debug|x86.ActiveCfg = Debug|x86
		{10F836B0-8C60-4F33-8CB2-C4BE7BC25628}.Debug|x86.Build.0 = Debug|x86
		{10F836B0-8C60-4F33-8CB2-C4BE7BC25628}.Release|Any CPU.ActiveCfg = Release|x86
		{10F836B0-8C60-4F33-8CB2-C4BE7BC25628}.Release|Mixed Platforms.ActiveCfg = Release|x86
		{10F836B0-8C60-4F33-8CB2-C4BE7BC25628}.Release|Mixed Platforms.Build.0 = Release|x86
		{10F836B0-8C60-4F33-8CB2-C4BE7BC25628}.Release|Windows Phone.ActiveCfg = Release|x86
		{10F836B0-8C60-4F33-8CB2-C4BE7BC25628}.Release|x86.ActiveCfg = Release|x86
		{10F836B0-8C60-4F33-8CB2-C4BE7BC25628}.Release|x86.Build.0 = Release|x86
		{BE3FF4A4-88CB-4951-A503-730598B80E78}.Debug|Any CPU.ActiveCfg = Debug|Windows Phone
		{BE3FF4A4-88CB-4951-A503-730598B80E78}.Debug|Mixed Platforms.ActiveCfg = Debug|Windows Phone
		{BE3FF4A4-88CB-4951-A503-730598B80E78}.Debug|Mixed Platforms.Build.0 = Debug|Windows Phone
		{BE3FF4A4-88CB-4951-A503-730598B80E78}.Debug|Windows Phone.ActiveCfg = Debug|Windows Phone
		{BE3FF4A4-88CB-4951-A503-730598B80E78}.Debug|Windows Phone.Build.0 = Debug|Windows Phone
		{BE3FF4A4-88CB-4951-A503-730598B80E78}.Debug|x86.ActiveCfg = Debug|Windows Phone
		{BE3FF4A4-88CB-4951-A503-730598B80E78}.Release|Any CPU.ActiveCfg = Release|Windows Phone
		{BE3FF4A4-88CB-4951-A503-730598B80E78}.Release|Mixed Platforms.ActiveCfg = Release|Windows Phone
		{BE3FF4A4-88CB-4951-A503-730598B80E78}.Release|Mixed Platforms.Build.0 = Release|Windows Phone
		{BE3FF4A4-88CB-4951-A503-730598B80E78}.Release|Windows Phone.ActiveCfg = Release|Windows Phone
		{BE3FF4A4-88CB-4951-A503-730598B80E78}.Release|Windows Phone.Build.0 = Release|Windows Phone
		{BE3FF4A4-88CB-4951-A503-730598B80E78}.Release|x86.ActiveCfg = Release|Windows Phone
		{3806C6EE-CC99-4767-A02F-48B4D9D2EE3C}.Debug|Any CPU.ActiveCfg = Debug|Any CPU
		{3806C6EE-CC99-4767-A02F-48B4D9D2EE3C}.Debug|Any CPU.Build.0 = Debug|Any CPU
		{3806C6EE-CC99-4767-A02F-48B4D9D2EE3C}.Debug|Mixed Platforms.ActiveCfg = Debug|Any CPU
		{3806C6EE-CC99-4767-A02F-48B4D9D2EE3C}.Debug|Mixed Platforms.Build.0 = Debug|Any CPU
		{3806C6EE-CC99-4767-A02F-48B4D9D2EE3C}.Debug|Windows Phone.ActiveCfg = Debug|Any CPU
		{3806C6EE-CC99-4767-A02F-48B4D9D2EE3C}.Debug|x86.ActiveCfg = Debug|Any CPU
		{3806C6EE-CC99-4767-A02F-48B4D9D2EE3C}.Release|Any CPU.ActiveCfg = Release|Any CPU
		{3806C6EE-CC99-4767-A02F-48B4D9D2EE3C}.Release|Any CPU.Build.0 = Release|Any CPU
		{3806C6EE-CC99-4767-A02F-48B4D9D2EE3C}.Release|Mixed Platforms.ActiveCfg = Release|Any CPU
		{3806C6EE-CC99-4767-A02F-48B4D9D2EE3C}.Release|Mixed Platforms.Build.0 = Release|Any CPU
		{3806C6EE-CC99-4767-A02F-48B4D9D2EE3C}.Release|Windows Phone.ActiveCfg = Release|Any CPU
		{3806C6EE-CC99-4767-A02F-48B4D9D2EE3C}.Release|x86.ActiveCfg = Release|Any CPU
	EndGlobalSection
	GlobalSection(SolutionProperties) = preSolution
		HideSolutionNode = FALSE
	EndGlobalSection
EndGlobal
