
Microsoft Visual Studio Solution File, Format Version 11.00
# Visual Studio 2010
Project("{FAE04EC0-301F-11D3-BF4B-00C04F79EFBC}") = "Ark.Xna.Pipes.Wp7.Testing", "Ark.Xna.Pipes.Wp7.Testing\Ark.Xna.Pipes.Wp7.Testing\Ark.Xna.Pipes.Wp7.Testing.csproj", "{611EC9B4-EB33-42F7-B195-581E35AD3B0D}"
EndProject
Project("{FAE04EC0-301F-11D3-BF4B-00C04F79EFBC}") = "Ark.Xna.Pipes.Wp7.TestingContent", "Ark.Xna.Pipes.Wp7.Testing\Ark.Xna.Pipes.Wp7.TestingContent\Ark.Xna.Pipes.Wp7.TestingContent.contentproj", "{D75675D0-82FC-4C22-BE75-D84914328B08}"
EndProject
Project("{FAE04EC0-301F-11D3-BF4B-00C04F79EFBC}") = "Ark.Animation.Pipes (XNA - single) WP7", "Ark.Animation.Pipes\Ark.Animation.Pipes (XNA - single) WP7.csproj", "{3C5F8873-1605-4E74-B80A-2603E0D23433}"
EndProject
Project("{FAE04EC0-301F-11D3-BF4B-00C04F79EFBC}") = "Ark.Xna.Pipes WP7", "Ark.Xna.Pipes\Ark.Xna.Pipes WP7.csproj", "{B101F48E-714A-4771-822C-31FEA6DADE83}"
EndProject
Project("{FAE04EC0-301F-11D3-BF4B-00C04F79EFBC}") = "Ark.Pipes portable", "Ark.Pipes\Ark.Pipes portable.csproj", "{4AB376C4-2096-4854-9871-A3455A46DBBE}"
EndProject
Project("{FAE04EC0-301F-11D3-BF4B-00C04F79EFBC}") = "Ark.Input.Pipes portable", "Ark.Input.Pipes\Ark.Input.Pipes portable.csproj", "{36469577-0001-4224-8CE6-FDDEC5C15C55}"
EndProject
Global
	GlobalSection(SubversionScc) = preSolution
		Svn-Managed = True
		Manager = AnkhSVN - Subversion Support for Visual Studio
	EndGlobalSection
	GlobalSection(SolutionConfigurationPlatforms) = preSolution
		Debug|Any CPU = Debug|Any CPU
		Debug|Mixed Platforms = Debug|Mixed Platforms
		Debug|Windows Phone = Debug|Windows Phone
		Debug|x86 = Debug|x86
		Release|Any CPU = Release|Any CPU
		Release|Mixed Platforms = Release|Mixed Platforms
		Release|Windows Phone = Release|Windows Phone
		Release|x86 = Release|x86
	EndGlobalSection
	GlobalSection(ProjectConfigurationPlatforms) = postSolution
		{611EC9B4-EB33-42F7-B195-581E35AD3B0D}.Debug|Any CPU.ActiveCfg = Debug|Windows Phone
		{611EC9B4-EB33-42F7-B195-581E35AD3B0D}.Debug|Mixed Platforms.ActiveCfg = Debug|Windows Phone
		{611EC9B4-EB33-42F7-B195-581E35AD3B0D}.Debug|Mixed Platforms.Build.0 = Debug|Windows Phone
		{611EC9B4-EB33-42F7-B195-581E35AD3B0D}.Debug|Mixed Platforms.Deploy.0 = Debug|Windows Phone
		{611EC9B4-EB33-42F7-B195-581E35AD3B0D}.Debug|Windows Phone.ActiveCfg = Debug|Windows Phone
		{611EC9B4-EB33-42F7-B195-581E35AD3B0D}.Debug|Windows Phone.Build.0 = Debug|Windows Phone
		{611EC9B4-EB33-42F7-B195-581E35AD3B0D}.Debug|Windows Phone.Deploy.0 = Debug|Windows Phone
		{611EC9B4-EB33-42F7-B195-581E35AD3B0D}.Debug|x86.ActiveCfg = Debug|Windows Phone
		{611EC9B4-EB33-42F7-B195-581E35AD3B0D}.Debug|x86.Build.0 = Debug|Windows Phone
		{611EC9B4-EB33-42F7-B195-581E35AD3B0D}.Release|Any CPU.ActiveCfg = Release|Windows Phone
		{611EC9B4-EB33-42F7-B195-581E35AD3B0D}.Release|Mixed Platforms.ActiveCfg = Release|Windows Phone
		{611EC9B4-EB33-42F7-B195-581E35AD3B0D}.Release|Mixed Platforms.Build.0 = Release|Windows Phone
		{611EC9B4-EB33-42F7-B195-581E35AD3B0D}.Release|Mixed Platforms.Deploy.0 = Release|Windows Phone
		{611EC9B4-EB33-42F7-B195-581E35AD3B0D}.Release|Windows Phone.ActiveCfg = Release|Windows Phone
		{611EC9B4-EB33-42F7-B195-581E35AD3B0D}.Release|Windows Phone.Build.0 = Release|Windows Phone
		{611EC9B4-EB33-42F7-B195-581E35AD3B0D}.Release|Windows Phone.Deploy.0 = Release|Windows Phone
		{611EC9B4-EB33-42F7-B195-581E35AD3B0D}.Release|x86.ActiveCfg = Release|Windows Phone
		{611EC9B4-EB33-42F7-B195-581E35AD3B0D}.Release|x86.Build.0 = Release|Windows Phone
		{D75675D0-82FC-4C22-BE75-D84914328B08}.Debug|Any CPU.ActiveCfg = Debug|Windows Phone
		{D75675D0-82FC-4C22-BE75-D84914328B08}.Debug|Mixed Platforms.ActiveCfg = Debug|Windows Phone
		{D75675D0-82FC-4C22-BE75-D84914328B08}.Debug|Windows Phone.ActiveCfg = Debug|Windows Phone
		{D75675D0-82FC-4C22-BE75-D84914328B08}.Debug|x86.ActiveCfg = Debug|Windows Phone
		{D75675D0-82FC-4C22-BE75-D84914328B08}.Release|Any CPU.ActiveCfg = Release|Windows Phone
		{D75675D0-82FC-4C22-BE75-D84914328B08}.Release|Mixed Platforms.ActiveCfg = Release|Windows Phone
		{D75675D0-82FC-4C22-BE75-D84914328B08}.Release|Windows Phone.ActiveCfg = Release|Windows Phone
		{D75675D0-82FC-4C22-BE75-D84914328B08}.Release|x86.ActiveCfg = Release|Windows Phone
		{3C5F8873-1605-4E74-B80A-2603E0D23433}.Debug|Any CPU.ActiveCfg = Debug|Windows Phone
		{3C5F8873-1605-4E74-B80A-2603E0D23433}.Debug|Mixed Platforms.ActiveCfg = Debug|Windows Phone
		{3C5F8873-1605-4E74-B80A-2603E0D23433}.Debug|Mixed Platforms.Build.0 = Debug|Windows Phone
		{3C5F8873-1605-4E74-B80A-2603E0D23433}.Debug|Windows Phone.ActiveCfg = Debug|Windows Phone
		{3C5F8873-1605-4E74-B80A-2603E0D23433}.Debug|Windows Phone.Build.0 = Debug|Windows Phone
		{3C5F8873-1605-4E74-B80A-2603E0D23433}.Debug|x86.ActiveCfg = Debug|Windows Phone
		{3C5F8873-1605-4E74-B80A-2603E0D23433}.Release|Any CPU.ActiveCfg = Release|Windows Phone
		{3C5F8873-1605-4E74-B80A-2603E0D23433}.Release|Mixed Platforms.ActiveCfg = Release|Windows Phone
		{3C5F8873-1605-4E74-B80A-2603E0D23433}.Release|Mixed Platforms.Build.0 = Release|Windows Phone
		{3C5F8873-1605-4E74-B80A-2603E0D23433}.Release|Windows Phone.ActiveCfg = Release|Windows Phone
		{3C5F8873-1605-4E74-B80A-2603E0D23433}.Release|Windows Phone.Build.0 = Release|Windows Phone
		{3C5F8873-1605-4E74-B80A-2603E0D23433}.Release|x86.ActiveCfg = Release|Windows Phone
		{B101F48E-714A-4771-822C-31FEA6DADE83}.Debug|Any CPU.ActiveCfg = Debug|Windows Phone
		{B101F48E-714A-4771-822C-31FEA6DADE83}.Debug|Mixed Platforms.ActiveCfg = Debug|Windows Phone
		{B101F48E-714A-4771-822C-31FEA6DADE83}.Debug|Mixed Platforms.Build.0 = Debug|Windows Phone
		{B101F48E-714A-4771-822C-31FEA6DADE83}.Debug|Windows Phone.ActiveCfg = Debug|Windows Phone
		{B101F48E-714A-4771-822C-31FEA6DADE83}.Debug|Windows Phone.Build.0 = Debug|Windows Phone
		{B101F48E-714A-4771-822C-31FEA6DADE83}.Debug|x86.ActiveCfg = Debug|Windows Phone
		{B101F48E-714A-4771-822C-31FEA6DADE83}.Release|Any CPU.ActiveCfg = Release|Windows Phone
		{B101F48E-714A-4771-822C-31FEA6DADE83}.Release|Mixed Platforms.ActiveCfg = Release|Windows Phone
		{B101F48E-714A-4771-822C-31FEA6DADE83}.Release|Mixed Platforms.Build.0 = Release|Windows Phone
		{B101F48E-714A-4771-822C-31FEA6DADE83}.Release|Windows Phone.ActiveCfg = Release|Windows Phone
		{B101F48E-714A-4771-822C-31FEA6DADE83}.Release|Windows Phone.Build.0 = Release|Windows Phone
		{B101F48E-714A-4771-822C-31FEA6DADE83}.Release|x86.ActiveCfg = Release|Windows Phone
		{4AB376C4-2096-4854-9871-A3455A46DBBE}.Debug|Any CPU.ActiveCfg = Debug|Any CPU
		{4AB376C4-2096-4854-9871-A3455A46DBBE}.Debug|Any CPU.Build.0 = Debug|Any CPU
		{4AB376C4-2096-4854-9871-A3455A46DBBE}.Debug|Mixed Platforms.ActiveCfg = Debug|Any CPU
		{4AB376C4-2096-4854-9871-A3455A46DBBE}.Debug|Mixed Platforms.Build.0 = Debug|Any CPU
		{4AB376C4-2096-4854-9871-A3455A46DBBE}.Debug|Windows Phone.ActiveCfg = Debug|Any CPU
		{4AB376C4-2096-4854-9871-A3455A46DBBE}.Debug|x86.ActiveCfg = Debug|Any CPU
		{4AB376C4-2096-4854-9871-A3455A46DBBE}.Release|Any CPU.ActiveCfg = Release|Any CPU
		{4AB376C4-2096-4854-9871-A3455A46DBBE}.Release|Any CPU.Build.0 = Release|Any CPU
		{4AB376C4-2096-4854-9871-A3455A46DBBE}.Release|Mixed Platforms.ActiveCfg = Release|Any CPU
		{4AB376C4-2096-4854-9871-A3455A46DBBE}.Release|Mixed Platforms.Build.0 = Release|Any CPU
		{4AB376C4-2096-4854-9871-A3455A46DBBE}.Release|Windows Phone.ActiveCfg = Release|Any CPU
		{4AB376C4-2096-4854-9871-A3455A46DBBE}.Release|x86.ActiveCfg = Release|Any CPU
		{36469577-0001-4224-8CE6-FDDEC5C15C55}.Debug|Any CPU.ActiveCfg = Debug|Any CPU
		{36469577-0001-4224-8CE6-FDDEC5C15C55}.Debug|Any CPU.Build.0 = Debug|Any CPU
		{36469577-0001-4224-8CE6-FDDEC5C15C55}.Debug|Mixed Platforms.ActiveCfg = Debug|Any CPU
		{36469577-0001-4224-8CE6-FDDEC5C15C55}.Debug|Mixed Platforms.Build.0 = Debug|Any CPU
		{36469577-0001-4224-8CE6-FDDEC5C15C55}.Debug|Windows Phone.ActiveCfg = Debug|Any CPU
		{36469577-0001-4224-8CE6-FDDEC5C15C55}.Debug|x86.ActiveCfg = Debug|Any CPU
		{36469577-0001-4224-8CE6-FDDEC5C15C55}.Release|Any CPU.ActiveCfg = Release|Any CPU
		{36469577-0001-4224-8CE6-FDDEC5C15C55}.Release|Any CPU.Build.0 = Release|Any CPU
		{36469577-0001-4224-8CE6-FDDEC5C15C55}.Release|Mixed Platforms.ActiveCfg = Release|Any CPU
		{36469577-0001-4224-8CE6-FDDEC5C15C55}.Release|Mixed Platforms.Build.0 = Release|Any CPU
		{36469577-0001-4224-8CE6-FDDEC5C15C55}.Release|Windows Phone.ActiveCfg = Release|Any CPU
		{36469577-0001-4224-8CE6-FDDEC5C15C55}.Release|x86.ActiveCfg = Release|Any CPU
	EndGlobalSection
	GlobalSection(SolutionProperties) = preSolution
		HideSolutionNode = FALSE
	EndGlobalSection
EndGlobal
