
Microsoft Visual Studio Solution File, Format Version 11.00
# Visual Studio 2010
Project("{FAE04EC0-301F-11D3-BF4B-00C04F79EFBC}") = "Ark.Pipes", "Ark.Pipes\Ark.Pipes.csproj", "{1BD2C1D6-FD34-4305-B92C-AB936814255F}"
EndProject
Project("{FAE04EC0-301F-11D3-BF4B-00C04F79EFBC}") = "Ark.Pipes.Testing", "Ark.Pipes.Testing\Ark.Pipes.Testing.csproj", "{C5633165-EEA6-4768-99FE-75B7123AED17}"
EndProject
Project("{FAE04EC0-301F-11D3-BF4B-00C04F79EFBC}") = "Ark.Pipes.Wpf", "Ark.Pipes.Wpf\Ark.Pipes.Wpf.csproj", "{6D889C09-2763-4F7F-BF78-8CAB7A626306}"
EndProject
Project("{FAE04EC0-301F-11D3-BF4B-00C04F79EFBC}") = "Ark.Pipes.Xna", "Ark.Pipes.Xna\Ark.Pipes.Xna.csproj", "{3806C6EE-CC99-4767-A02F-48B4D9D2EE3C}"
EndProject
Project("{FAE04EC0-301F-11D3-BF4B-00C04F79EFBC}") = "Ark.Pipes.Wpf.Testing", "Ark.Pipes.Wpf.Testing\Ark.Pipes.Wpf.Testing.csproj", "{FAC14F1A-0B1D-431A-AD06-A4BC00F71D5F}"
EndProject
Project("{FAE04EC0-301F-11D3-BF4B-00C04F79EFBC}") = "Ark.Pipes.Input", "Ark.Pipes.Input\Ark.Pipes.Input.csproj", "{36469577-A33E-4224-8CE6-FDDEC5C15C55}"
EndProject
Project("{FAE04EC0-301F-11D3-BF4B-00C04F79EFBC}") = "Ark.Pipes.Animation", "Ark.Pipes.Animation\Ark.Pipes.Animation.csproj", "{EC0C8E84-487E-423C-99F9-1FC405A05861}"
EndProject
Project("{FAE04EC0-301F-11D3-BF4B-00C04F79EFBC}") = "Ark.Pipes.Physics", "Ark.Pipes.Physics\Ark.Pipes.Physics.csproj", "{AEAC0349-CCAF-41AC-B524-2FB0DA3175EE}"
EndProject
Global
	GlobalSection(SubversionScc) = preSolution
		Svn-Managed = True
		Manager = AnkhSVN - Subversion Support for Visual Studio
	EndGlobalSection
	GlobalSection(SolutionConfigurationPlatforms) = preSolution
		Debug|Any CPU = Debug|Any CPU
		Debug|Mixed Platforms = Debug|Mixed Platforms
		Debug|Windows Phone = Debug|Windows Phone
		Debug|x86 = Debug|x86
		Release|Any CPU = Release|Any CPU
		Release|Mixed Platforms = Release|Mixed Platforms
		Release|Windows Phone = Release|Windows Phone
		Release|x86 = Release|x86
	EndGlobalSection
	GlobalSection(ProjectConfigurationPlatforms) = postSolution
		{1BD2C1D6-FD34-4305-B92C-AB936814255F}.Debug|Any CPU.ActiveCfg = Debug|x86
		{1BD2C1D6-FD34-4305-B92C-AB936814255F}.Debug|Mixed Platforms.ActiveCfg = Debug|x86
		{1BD2C1D6-FD34-4305-B92C-AB936814255F}.Debug|Mixed Platforms.Build.0 = Debug|x86
		{1BD2C1D6-FD34-4305-B92C-AB936814255F}.Debug|Windows Phone.ActiveCfg = Debug|x86
		{1BD2C1D6-FD34-4305-B92C-AB936814255F}.Debug|x86.ActiveCfg = Debug|x86
		{1BD2C1D6-FD34-4305-B92C-AB936814255F}.Debug|x86.Build.0 = Debug|x86
		{1BD2C1D6-FD34-4305-B92C-AB936814255F}.Release|Any CPU.ActiveCfg = Release|x86
		{1BD2C1D6-FD34-4305-B92C-AB936814255F}.Release|Mixed Platforms.ActiveCfg = Release|x86
		{1BD2C1D6-FD34-4305-B92C-AB936814255F}.Release|Mixed Platforms.Build.0 = Release|x86
		{1BD2C1D6-FD34-4305-B92C-AB936814255F}.Release|Windows Phone.ActiveCfg = Release|x86
		{1BD2C1D6-FD34-4305-B92C-AB936814255F}.Release|x86.ActiveCfg = Release|x86
		{1BD2C1D6-FD34-4305-B92C-AB936814255F}.Release|x86.Build.0 = Release|x86
		{C5633165-EEA6-4768-99FE-75B7123AED17}.Debug|Any CPU.ActiveCfg = Debug|x86
		{C5633165-EEA6-4768-99FE-75B7123AED17}.Debug|Mixed Platforms.ActiveCfg = Debug|x86
		{C5633165-EEA6-4768-99FE-75B7123AED17}.Debug|Mixed Platforms.Build.0 = Debug|x86
		{C5633165-EEA6-4768-99FE-75B7123AED17}.Debug|Windows Phone.ActiveCfg = Debug|x86
		{C5633165-EEA6-4768-99FE-75B7123AED17}.Debug|x86.ActiveCfg = Debug|x86
		{C5633165-EEA6-4768-99FE-75B7123AED17}.Debug|x86.Build.0 = Debug|x86
		{C5633165-EEA6-4768-99FE-75B7123AED17}.Release|Any CPU.ActiveCfg = Release|x86
		{C5633165-EEA6-4768-99FE-75B7123AED17}.Release|Mixed Platforms.ActiveCfg = Release|x86
		{C5633165-EEA6-4768-99FE-75B7123AED17}.Release|Mixed Platforms.Build.0 = Release|x86
		{C5633165-EEA6-4768-99FE-75B7123AED17}.Release|Windows Phone.ActiveCfg = Release|x86
		{C5633165-EEA6-4768-99FE-75B7123AED17}.Release|x86.ActiveCfg = Release|x86
		{C5633165-EEA6-4768-99FE-75B7123AED17}.Release|x86.Build.0 = Release|x86
		{6D889C09-2763-4F7F-BF78-8CAB7A626306}.Debug|Any CPU.ActiveCfg = Debug|Any CPU
		{6D889C09-2763-4F7F-BF78-8CAB7A626306}.Debug|Any CPU.Build.0 = Debug|Any CPU
		{6D889C09-2763-4F7F-BF78-8CAB7A626306}.Debug|Mixed Platforms.ActiveCfg = Debug|Any CPU
		{6D889C09-2763-4F7F-BF78-8CAB7A626306}.Debug|Mixed Platforms.Build.0 = Debug|Any CPU
		{6D889C09-2763-4F7F-BF78-8CAB7A626306}.Debug|Windows Phone.ActiveCfg = Debug|Any CPU
		{6D889C09-2763-4F7F-BF78-8CAB7A626306}.Debug|x86.ActiveCfg = Debug|Any CPU
		{6D889C09-2763-4F7F-BF78-8CAB7A626306}.Release|Any CPU.ActiveCfg = Release|Any CPU
		{6D889C09-2763-4F7F-BF78-8CAB7A626306}.Release|Any CPU.Build.0 = Release|Any CPU
		{6D889C09-2763-4F7F-BF78-8CAB7A626306}.Release|Mixed Platforms.ActiveCfg = Release|Any CPU
		{6D889C09-2763-4F7F-BF78-8CAB7A626306}.Release|Mixed Platforms.Build.0 = Release|Any CPU
		{6D889C09-2763-4F7F-BF78-8CAB7A626306}.Release|Windows Phone.ActiveCfg = Release|Any CPU
		{6D889C09-2763-4F7F-BF78-8CAB7A626306}.Release|x86.ActiveCfg = Release|Any CPU
		{3806C6EE-CC99-4767-A02F-48B4D9D2EE3C}.Debug|Any CPU.ActiveCfg = Debug|Any CPU
		{3806C6EE-CC99-4767-A02F-48B4D9D2EE3C}.Debug|Any CPU.Build.0 = Debug|Any CPU
		{3806C6EE-CC99-4767-A02F-48B4D9D2EE3C}.Debug|Mixed Platforms.ActiveCfg = Debug|Any CPU
		{3806C6EE-CC99-4767-A02F-48B4D9D2EE3C}.Debug|Mixed Platforms.Build.0 = Debug|Any CPU
		{3806C6EE-CC99-4767-A02F-48B4D9D2EE3C}.Debug|Windows Phone.ActiveCfg = Debug|Any CPU
		{3806C6EE-CC99-4767-A02F-48B4D9D2EE3C}.Debug|x86.ActiveCfg = Debug|Any CPU
		{3806C6EE-CC99-4767-A02F-48B4D9D2EE3C}.Release|Any CPU.ActiveCfg = Release|Any CPU
		{3806C6EE-CC99-4767-A02F-48B4D9D2EE3C}.Release|Any CPU.Build.0 = Release|Any CPU
		{3806C6EE-CC99-4767-A02F-48B4D9D2EE3C}.Release|Mixed Platforms.ActiveCfg = Release|Any CPU
		{3806C6EE-CC99-4767-A02F-48B4D9D2EE3C}.Release|Mixed Platforms.Build.0 = Release|Any CPU
		{3806C6EE-CC99-4767-A02F-48B4D9D2EE3C}.Release|Windows Phone.ActiveCfg = Release|Any CPU
		{3806C6EE-CC99-4767-A02F-48B4D9D2EE3C}.Release|x86.ActiveCfg = Release|Any CPU
		{FAC14F1A-0B1D-431A-AD06-A4BC00F71D5F}.Debug|Any CPU.ActiveCfg = Debug|x86
		{FAC14F1A-0B1D-431A-AD06-A4BC00F71D5F}.Debug|Mixed Platforms.ActiveCfg = Debug|x86
		{FAC14F1A-0B1D-431A-AD06-A4BC00F71D5F}.Debug|Mixed Platforms.Build.0 = Debug|x86
		{FAC14F1A-0B1D-431A-AD06-A4BC00F71D5F}.Debug|Windows Phone.ActiveCfg = Debug|x86
		{FAC14F1A-0B1D-431A-AD06-A4BC00F71D5F}.Debug|x86.ActiveCfg = Debug|x86
		{FAC14F1A-0B1D-431A-AD06-A4BC00F71D5F}.Debug|x86.Build.0 = Debug|x86
		{FAC14F1A-0B1D-431A-AD06-A4BC00F71D5F}.Release|Any CPU.ActiveCfg = Release|x86
		{FAC14F1A-0B1D-431A-AD06-A4BC00F71D5F}.Release|Mixed Platforms.ActiveCfg = Release|x86
		{FAC14F1A-0B1D-431A-AD06-A4BC00F71D5F}.Release|Mixed Platforms.Build.0 = Release|x86
		{FAC14F1A-0B1D-431A-AD06-A4BC00F71D5F}.Release|Windows Phone.ActiveCfg = Release|x86
		{FAC14F1A-0B1D-431A-AD06-A4BC00F71D5F}.Release|x86.ActiveCfg = Release|x86
		{FAC14F1A-0B1D-431A-AD06-A4BC00F71D5F}.Release|x86.Build.0 = Release|x86
		{36469577-A33E-4224-8CE6-FDDEC5C15C55}.Debug|Any CPU.ActiveCfg = Debug|Any CPU
		{36469577-A33E-4224-8CE6-FDDEC5C15C55}.Debug|Any CPU.Build.0 = Debug|Any CPU
		{36469577-A33E-4224-8CE6-FDDEC5C15C55}.Debug|Mixed Platforms.ActiveCfg = Debug|Any CPU
		{36469577-A33E-4224-8CE6-FDDEC5C15C55}.Debug|Mixed Platforms.Build.0 = Debug|Any CPU
		{36469577-A33E-4224-8CE6-FDDEC5C15C55}.Debug|Windows Phone.ActiveCfg = Debug|Any CPU
		{36469577-A33E-4224-8CE6-FDDEC5C15C55}.Debug|x86.ActiveCfg = Debug|Any CPU
		{36469577-A33E-4224-8CE6-FDDEC5C15C55}.Release|Any CPU.ActiveCfg = Release|Any CPU
		{36469577-A33E-4224-8CE6-FDDEC5C15C55}.Release|Any CPU.Build.0 = Release|Any CPU
		{36469577-A33E-4224-8CE6-FDDEC5C15C55}.Release|Mixed Platforms.ActiveCfg = Release|Any CPU
		{36469577-A33E-4224-8CE6-FDDEC5C15C55}.Release|Mixed Platforms.Build.0 = Release|Any CPU
		{36469577-A33E-4224-8CE6-FDDEC5C15C55}.Release|Windows Phone.ActiveCfg = Release|Any CPU
		{36469577-A33E-4224-8CE6-FDDEC5C15C55}.Release|x86.ActiveCfg = Release|Any CPU
		{EC0C8E84-487E-423C-99F9-1FC405A05861}.Debug|Any CPU.ActiveCfg = Debug|Any CPU
		{EC0C8E84-487E-423C-99F9-1FC405A05861}.Debug|Any CPU.Build.0 = Debug|Any CPU
		{EC0C8E84-487E-423C-99F9-1FC405A05861}.Debug|Mixed Platforms.ActiveCfg = Debug|Any CPU
		{EC0C8E84-487E-423C-99F9-1FC405A05861}.Debug|Mixed Platforms.Build.0 = Debug|Any CPU
		{EC0C8E84-487E-423C-99F9-1FC405A05861}.Debug|Windows Phone.ActiveCfg = Debug|Any CPU
		{EC0C8E84-487E-423C-99F9-1FC405A05861}.Debug|x86.ActiveCfg = Debug|Any CPU
		{EC0C8E84-487E-423C-99F9-1FC405A05861}.Release|Any CPU.ActiveCfg = Release|Any CPU
		{EC0C8E84-487E-423C-99F9-1FC405A05861}.Release|Any CPU.Build.0 = Release|Any CPU
		{EC0C8E84-487E-423C-99F9-1FC405A05861}.Release|Mixed Platforms.ActiveCfg = Release|Any CPU
		{EC0C8E84-487E-423C-99F9-1FC405A05861}.Release|Mixed Platforms.Build.0 = Release|Any CPU
		{EC0C8E84-487E-423C-99F9-1FC405A05861}.Release|Windows Phone.ActiveCfg = Release|Any CPU
		{EC0C8E84-487E-423C-99F9-1FC405A05861}.Release|x86.ActiveCfg = Release|Any CPU
		{AEAC0349-CCAF-41AC-B524-2FB0DA3175EE}.Debug|Any CPU.ActiveCfg = Debug|Any CPU
		{AEAC0349-CCAF-41AC-B524-2FB0DA3175EE}.Debug|Any CPU.Build.0 = Debug|Any CPU
		{AEAC0349-CCAF-41AC-B524-2FB0DA3175EE}.Debug|Mixed Platforms.ActiveCfg = Debug|Any CPU
		{AEAC0349-CCAF-41AC-B524-2FB0DA3175EE}.Debug|Mixed Platforms.Build.0 = Debug|Any CPU
		{AEAC0349-CCAF-41AC-B524-2FB0DA3175EE}.Debug|Windows Phone.ActiveCfg = Debug|Any CPU
		{AEAC0349-CCAF-41AC-B524-2FB0DA3175EE}.Debug|x86.ActiveCfg = Debug|Any CPU
		{AEAC0349-CCAF-41AC-B524-2FB0DA3175EE}.Release|Any CPU.ActiveCfg = Release|Any CPU
		{AEAC0349-CCAF-41AC-B524-2FB0DA3175EE}.Release|Any CPU.Build.0 = Release|Any CPU
		{AEAC0349-CCAF-41AC-B524-2FB0DA3175EE}.Release|Mixed Platforms.ActiveCfg = Release|Any CPU
		{AEAC0349-CCAF-41AC-B524-2FB0DA3175EE}.Release|Mixed Platforms.Build.0 = Release|Any CPU
		{AEAC0349-CCAF-41AC-B524-2FB0DA3175EE}.Release|Windows Phone.ActiveCfg = Release|Any CPU
		{AEAC0349-CCAF-41AC-B524-2FB0DA3175EE}.Release|x86.ActiveCfg = Release|Any CPU
	EndGlobalSection
	GlobalSection(SolutionProperties) = preSolution
		HideSolutionNode = FALSE
	EndGlobalSection
EndGlobal
